
Microsoft Visual Studio Solution File, Format Version 12.00
# Visual Studio Version 17
VisualStudioVersion = 17.1.32328.378
MinimumVisualStudioVersion = 10.0.40219.1
Project("{9A19103F-16F7-4668-BE54-9A1E7A4F7556}") = "PL", "PL\PL.csproj", "{0831311B-4CD9-42F8-9A76-5C5F3281CA16}"
EndProject
Project("{9A19103F-16F7-4668-BE54-9A1E7A4F7556}") = "DAL", "DAL\DAL.csproj", "{6601750D-23D5-4862-8314-E3C80FEA2096}"
EndProject
Project("{FAE04EC0-301F-11D3-BF4B-00C04F79EFBC}") = "BLL", "BLL\BLL.csproj", "{0D2EF970-3AB0-4E8F-AD63-33F9AEA41C30}"
EndProject
Global
	GlobalSection(SolutionConfigurationPlatforms) = preSolution
		Debug|Any CPU = Debug|Any CPU
		Release|Any CPU = Release|Any CPU
	EndGlobalSection
	GlobalSection(ProjectConfigurationPlatforms) = postSolution
		{0831311B-4CD9-42F8-9A76-5C5F3281CA16}.Debug|Any CPU.ActiveCfg = Debug|Any CPU
		{0831311B-4CD9-42F8-9A76-5C5F3281CA16}.Debug|Any CPU.Build.0 = Debug|Any CPU
		{0831311B-4CD9-42F8-9A76-5C5F3281CA16}.Release|Any CPU.ActiveCfg = Release|Any CPU
		{0831311B-4CD9-42F8-9A76-5C5F3281CA16}.Release|Any CPU.Build.0 = Release|Any CPU
		{6601750D-23D5-4862-8314-E3C80FEA2096}.Debug|Any CPU.ActiveCfg = Debug|Any CPU
		{6601750D-23D5-4862-8314-E3C80FEA2096}.Debug|Any CPU.Build.0 = Debug|Any CPU
		{6601750D-23D5-4862-8314-E3C80FEA2096}.Release|Any CPU.ActiveCfg = Release|Any CPU
		{6601750D-23D5-4862-8314-E3C80FEA2096}.Release|Any CPU.Build.0 = Release|Any CPU
		{0D2EF970-3AB0-4E8F-AD63-33F9AEA41C30}.Debug|Any CPU.ActiveCfg = Debug|Any CPU
		{0D2EF970-3AB0-4E8F-AD63-33F9AEA41C30}.Debug|Any CPU.Build.0 = Debug|Any CPU
		{0D2EF970-3AB0-4E8F-AD63-33F9AEA41C30}.Release|Any CPU.ActiveCfg = Release|Any CPU
		{0D2EF970-3AB0-4E8F-AD63-33F9AEA41C30}.Release|Any CPU.Build.0 = Release|Any CPU
	EndGlobalSection
	GlobalSection(SolutionProperties) = preSolution
		HideSolutionNode = FALSE
	EndGlobalSection
	GlobalSection(ExtensibilityGlobals) = postSolution
		SolutionGuid = {8ADF7412-20DF-47F8-A8A0-2855A455FC54}
	EndGlobalSection
EndGlobal
